// !$*UTF8*$!
{
	archiveVersion = 1;
	classes = {
	};
	objectVersion = 46;
	objects = {

/* Begin PBXBuildFile section */
		7C26ED481DAF31E5002B6B1D /* PlayerKitToolsBottomView.m in Sources */ = {isa = PBXBuildFile; fileRef = 7C26ED471DAF31E5002B6B1D /* PlayerKitToolsBottomView.m */; };
		7C26ED4B1DAF6DAC002B6B1D /* PlayerKitProgressView.m in Sources */ = {isa = PBXBuildFile; fileRef = 7C26ED4A1DAF6DAC002B6B1D /* PlayerKitProgressView.m */; };
		7C43FC1C1DB8966C0026D7C7 /* PlayerKitReloadTipsView.m in Sources */ = {isa = PBXBuildFile; fileRef = 7C43FC1B1DB8966C0026D7C7 /* PlayerKitReloadTipsView.m */; };
		7C43FC1F1DB8AB300026D7C7 /* PlayerKitControlProgressTipsView.m in Sources */ = {isa = PBXBuildFile; fileRef = 7C43FC1E1DB8AB300026D7C7 /* PlayerKitControlProgressTipsView.m */; };
		7C44B0F71DB74FB500BECC9B /* PlayerKitTimeTools.m in Sources */ = {isa = PBXBuildFile; fileRef = 7C44B0F61DB74FB500BECC9B /* PlayerKitTimeTools.m */; };
		7CB7E5771DAB2FD100F0EF7C /* PlayerKitPlayerView.m in Sources */ = {isa = PBXBuildFile; fileRef = 7CB7E5761DAB2FD100F0EF7C /* PlayerKitPlayerView.m */; };
		7CBE3E051D9E0269003D5C21 /* main.m in Sources */ = {isa = PBXBuildFile; fileRef = 7CBE3E041D9E0269003D5C21 /* main.m */; };
		7CBE3E081D9E0269003D5C21 /* AppDelegate.m in Sources */ = {isa = PBXBuildFile; fileRef = 7CBE3E071D9E0269003D5C21 /* AppDelegate.m */; };
		7CBE3E0B1D9E0269003D5C21 /* ViewController.m in Sources */ = {isa = PBXBuildFile; fileRef = 7CBE3E0A1D9E0269003D5C21 /* ViewController.m */; };
		7CBE3E0E1D9E0269003D5C21 /* Main.storyboard in Resources */ = {isa = PBXBuildFile; fileRef = 7CBE3E0C1D9E0269003D5C21 /* Main.storyboard */; };
		7CBE3E101D9E0269003D5C21 /* Assets.xcassets in Resources */ = {isa = PBXBuildFile; fileRef = 7CBE3E0F1D9E0269003D5C21 /* Assets.xcassets */; };
		7CBE3E131D9E0269003D5C21 /* LaunchScreen.storyboard in Resources */ = {isa = PBXBuildFile; fileRef = 7CBE3E111D9E0269003D5C21 /* LaunchScreen.storyboard */; };
		7CBE3E1E1D9E0269003D5C21 /* CustomPlayerTests.m in Sources */ = {isa = PBXBuildFile; fileRef = 7CBE3E1D1D9E0269003D5C21 /* CustomPlayerTests.m */; };
		7CBE3E291D9E0269003D5C21 /* CustomPlayerUITests.m in Sources */ = {isa = PBXBuildFile; fileRef = 7CBE3E281D9E0269003D5C21 /* CustomPlayerUITests.m */; };
		7CBE3E371D9E02B6003D5C21 /* 1.MOV in Resources */ = {isa = PBXBuildFile; fileRef = 7CBE3E361D9E02B6003D5C21 /* 1.MOV */; };
		7CBE3E4C1D9E050B003D5C21 /* player-kit-animation-animated@2x.png in Resources */ = {isa = PBXBuildFile; fileRef = 7CBE3E3B1D9E050B003D5C21 /* player-kit-animation-animated@2x.png */; };
		7CBE3E4D1D9E050B003D5C21 /* player-kit-animation-animated@3x.png in Resources */ = {isa = PBXBuildFile; fileRef = 7CBE3E3C1D9E050B003D5C21 /* player-kit-animation-animated@3x.png */; };
		7CBE3E4E1D9E050B003D5C21 /* player-kit-animation-none@2x.png in Resources */ = {isa = PBXBuildFile; fileRef = 7CBE3E3D1D9E050B003D5C21 /* player-kit-animation-none@2x.png */; };
		7CBE3E4F1D9E050B003D5C21 /* player-kit-animation-none@3x.png in Resources */ = {isa = PBXBuildFile; fileRef = 7CBE3E3E1D9E050B003D5C21 /* player-kit-animation-none@3x.png */; };
		7CBE3E501D9E050B003D5C21 /* player-kit-backward.png in Resources */ = {isa = PBXBuildFile; fileRef = 7CBE3E3F1D9E050B003D5C21 /* player-kit-backward.png */; };
		7CBE3E511D9E050B003D5C21 /* player-kit-backward@2x.png in Resources */ = {isa = PBXBuildFile; fileRef = 7CBE3E401D9E050B003D5C21 /* player-kit-backward@2x.png */; };
		7CBE3E521D9E050B003D5C21 /* player-kit-close.png in Resources */ = {isa = PBXBuildFile; fileRef = 7CBE3E411D9E050B003D5C21 /* player-kit-close.png */; };
		7CBE3E531D9E050B003D5C21 /* player-kit-close@2x.png in Resources */ = {isa = PBXBuildFile; fileRef = 7CBE3E421D9E050B003D5C21 /* player-kit-close@2x.png */; };
		7CBE3E541D9E050B003D5C21 /* player-kit-forward.png in Resources */ = {isa = PBXBuildFile; fileRef = 7CBE3E431D9E050B003D5C21 /* player-kit-forward.png */; };
		7CBE3E551D9E050B003D5C21 /* player-kit-forward@2x.png in Resources */ = {isa = PBXBuildFile; fileRef = 7CBE3E441D9E050B003D5C21 /* player-kit-forward@2x.png */; };
		7CBE3E561D9E050B003D5C21 /* player-kit-pause.png in Resources */ = {isa = PBXBuildFile; fileRef = 7CBE3E451D9E050B003D5C21 /* player-kit-pause.png */; };
		7CBE3E571D9E050B003D5C21 /* player-kit-pause@2x.png in Resources */ = {isa = PBXBuildFile; fileRef = 7CBE3E461D9E050B003D5C21 /* player-kit-pause@2x.png */; };
		7CBE3E581D9E050B003D5C21 /* player-kit-play.png in Resources */ = {isa = PBXBuildFile; fileRef = 7CBE3E471D9E050B003D5C21 /* player-kit-play.png */; };
		7CBE3E591D9E050B003D5C21 /* player-kit-play@2x.png in Resources */ = {isa = PBXBuildFile; fileRef = 7CBE3E481D9E050B003D5C21 /* player-kit-play@2x.png */; };
		7CBE3E5A1D9E050B003D5C21 /* player-kit-slider_indicator@2x.png in Resources */ = {isa = PBXBuildFile; fileRef = 7CBE3E491D9E050B003D5C21 /* player-kit-slider_indicator@2x.png */; };
		7CBE3E5B1D9E050B003D5C21 /* player-kit-slider_track_empty@2x.png in Resources */ = {isa = PBXBuildFile; fileRef = 7CBE3E4A1D9E050B003D5C21 /* player-kit-slider_track_empty@2x.png */; };
		7CBE3E5C1D9E050B003D5C21 /* player-kit-slider_track_fill@2x.png in Resources */ = {isa = PBXBuildFile; fileRef = 7CBE3E4B1D9E050B003D5C21 /* player-kit-slider_track_fill@2x.png */; };
		7CBE3E651D9E0BBC003D5C21 /* PlayerKitVideoLayerView.m in Sources */ = {isa = PBXBuildFile; fileRef = 7CBE3E641D9E0BBC003D5C21 /* PlayerKitVideoLayerView.m */; };
		7CBE3E681D9E4232003D5C21 /* PlayerKitContainer.m in Sources */ = {isa = PBXBuildFile; fileRef = 7CBE3E671D9E4232003D5C21 /* PlayerKitContainer.m */; };
		7CF3F19C1DACD7E400E2676C /* PlayerKitToolsTopView.m in Sources */ = {isa = PBXBuildFile; fileRef = 7CF3F19B1DACD7E400E2676C /* PlayerKitToolsTopView.m */; };
/* End PBXBuildFile section */

/* Begin PBXContainerItemProxy section */
		7CBE3E1A1D9E0269003D5C21 /* PBXContainerItemProxy */ = {
			isa = PBXContainerItemProxy;
			containerPortal = 7CBE3DF81D9E0269003D5C21 /* Project object */;
			proxyType = 1;
			remoteGlobalIDString = 7CBE3DFF1D9E0269003D5C21;
			remoteInfo = CustomPlayer;
		};
		7CBE3E251D9E0269003D5C21 /* PBXContainerItemProxy */ = {
			isa = PBXContainerItemProxy;
			containerPortal = 7CBE3DF81D9E0269003D5C21 /* Project object */;
			proxyType = 1;
			remoteGlobalIDString = 7CBE3DFF1D9E0269003D5C21;
			remoteInfo = CustomPlayer;
		};
/* End PBXContainerItemProxy section */

/* Begin PBXFileReference section */
		7C26ED461DAF31E5002B6B1D /* PlayerKitToolsBottomView.h */ = {isa = PBXFileReference; fileEncoding = 4; lastKnownFileType = sourcecode.c.h; path = PlayerKitToolsBottomView.h; sourceTree = "<group>"; };
		7C26ED471DAF31E5002B6B1D /* PlayerKitToolsBottomView.m */ = {isa = PBXFileReference; fileEncoding = 4; lastKnownFileType = sourcecode.c.objc; path = PlayerKitToolsBottomView.m; sourceTree = "<group>"; };
		7C26ED491DAF6DAC002B6B1D /* PlayerKitProgressView.h */ = {isa = PBXFileReference; fileEncoding = 4; lastKnownFileType = sourcecode.c.h; path = PlayerKitProgressView.h; sourceTree = "<group>"; };
		7C26ED4A1DAF6DAC002B6B1D /* PlayerKitProgressView.m */ = {isa = PBXFileReference; fileEncoding = 4; lastKnownFileType = sourcecode.c.objc; path = PlayerKitProgressView.m; sourceTree = "<group>"; };
		7C43FC1A1DB8966C0026D7C7 /* PlayerKitReloadTipsView.h */ = {isa = PBXFileReference; fileEncoding = 4; lastKnownFileType = sourcecode.c.h; path = PlayerKitReloadTipsView.h; sourceTree = "<group>"; };
		7C43FC1B1DB8966C0026D7C7 /* PlayerKitReloadTipsView.m */ = {isa = PBXFileReference; fileEncoding = 4; lastKnownFileType = sourcecode.c.objc; path = PlayerKitReloadTipsView.m; sourceTree = "<group>"; };
		7C43FC1D1DB8AB300026D7C7 /* PlayerKitControlProgressTipsView.h */ = {isa = PBXFileReference; fileEncoding = 4; lastKnownFileType = sourcecode.c.h; path = PlayerKitControlProgressTipsView.h; sourceTree = "<group>"; };
		7C43FC1E1DB8AB300026D7C7 /* PlayerKitControlProgressTipsView.m */ = {isa = PBXFileReference; fileEncoding = 4; lastKnownFileType = sourcecode.c.objc; path = PlayerKitControlProgressTipsView.m; sourceTree = "<group>"; };
		7C44B0F51DB74FB500BECC9B /* PlayerKitTimeTools.h */ = {isa = PBXFileReference; fileEncoding = 4; lastKnownFileType = sourcecode.c.h; path = PlayerKitTimeTools.h; sourceTree = "<group>"; };
		7C44B0F61DB74FB500BECC9B /* PlayerKitTimeTools.m */ = {isa = PBXFileReference; fileEncoding = 4; lastKnownFileType = sourcecode.c.objc; path = PlayerKitTimeTools.m; sourceTree = "<group>"; };
		7CB7E5751DAB2FD100F0EF7C /* PlayerKitPlayerView.h */ = {isa = PBXFileReference; fileEncoding = 4; lastKnownFileType = sourcecode.c.h; path = PlayerKitPlayerView.h; sourceTree = "<group>"; };
		7CB7E5761DAB2FD100F0EF7C /* PlayerKitPlayerView.m */ = {isa = PBXFileReference; fileEncoding = 4; lastKnownFileType = sourcecode.c.objc; path = PlayerKitPlayerView.m; sourceTree = "<group>"; };
		7CBE3E001D9E0269003D5C21 /* CustomPlayer.app */ = {isa = PBXFileReference; explicitFileType = wrapper.application; includeInIndex = 0; path = CustomPlayer.app; sourceTree = BUILT_PRODUCTS_DIR; };
		7CBE3E041D9E0269003D5C21 /* main.m */ = {isa = PBXFileReference; lastKnownFileType = sourcecode.c.objc; path = main.m; sourceTree = "<group>"; };
		7CBE3E061D9E0269003D5C21 /* AppDelegate.h */ = {isa = PBXFileReference; lastKnownFileType = sourcecode.c.h; path = AppDelegate.h; sourceTree = "<group>"; };
		7CBE3E071D9E0269003D5C21 /* AppDelegate.m */ = {isa = PBXFileReference; lastKnownFileType = sourcecode.c.objc; path = AppDelegate.m; sourceTree = "<group>"; };
		7CBE3E091D9E0269003D5C21 /* ViewController.h */ = {isa = PBXFileReference; lastKnownFileType = sourcecode.c.h; path = ViewController.h; sourceTree = "<group>"; };
		7CBE3E0A1D9E0269003D5C21 /* ViewController.m */ = {isa = PBXFileReference; lastKnownFileType = sourcecode.c.objc; path = ViewController.m; sourceTree = "<group>"; };
		7CBE3E0D1D9E0269003D5C21 /* Base */ = {isa = PBXFileReference; lastKnownFileType = file.storyboard; name = Base; path = Base.lproj/Main.storyboard; sourceTree = "<group>"; };
		7CBE3E0F1D9E0269003D5C21 /* Assets.xcassets */ = {isa = PBXFileReference; lastKnownFileType = folder.assetcatalog; path = Assets.xcassets; sourceTree = "<group>"; };
		7CBE3E121D9E0269003D5C21 /* Base */ = {isa = PBXFileReference; lastKnownFileType = file.storyboard; name = Base; path = Base.lproj/LaunchScreen.storyboard; sourceTree = "<group>"; };
		7CBE3E141D9E0269003D5C21 /* Info.plist */ = {isa = PBXFileReference; lastKnownFileType = text.plist.xml; path = Info.plist; sourceTree = "<group>"; };
		7CBE3E191D9E0269003D5C21 /* CustomPlayerTests.xctest */ = {isa = PBXFileReference; explicitFileType = wrapper.cfbundle; includeInIndex = 0; path = CustomPlayerTests.xctest; sourceTree = BUILT_PRODUCTS_DIR; };
		7CBE3E1D1D9E0269003D5C21 /* CustomPlayerTests.m */ = {isa = PBXFileReference; lastKnownFileType = sourcecode.c.objc; path = CustomPlayerTests.m; sourceTree = "<group>"; };
		7CBE3E1F1D9E0269003D5C21 /* Info.plist */ = {isa = PBXFileReference; lastKnownFileType = text.plist.xml; path = Info.plist; sourceTree = "<group>"; };
		7CBE3E241D9E0269003D5C21 /* CustomPlayerUITests.xctest */ = {isa = PBXFileReference; explicitFileType = wrapper.cfbundle; includeInIndex = 0; path = CustomPlayerUITests.xctest; sourceTree = BUILT_PRODUCTS_DIR; };
		7CBE3E281D9E0269003D5C21 /* CustomPlayerUITests.m */ = {isa = PBXFileReference; lastKnownFileType = sourcecode.c.objc; path = CustomPlayerUITests.m; sourceTree = "<group>"; };
		7CBE3E2A1D9E0269003D5C21 /* Info.plist */ = {isa = PBXFileReference; lastKnownFileType = text.plist.xml; path = Info.plist; sourceTree = "<group>"; };
		7CBE3E361D9E02B6003D5C21 /* 1.MOV */ = {isa = PBXFileReference; lastKnownFileType = video.quicktime; path = 1.MOV; sourceTree = "<group>"; };
		7CBE3E3B1D9E050B003D5C21 /* player-kit-animation-animated@2x.png */ = {isa = PBXFileReference; lastKnownFileType = image.png; path = "player-kit-animation-animated@2x.png"; sourceTree = "<group>"; };
		7CBE3E3C1D9E050B003D5C21 /* player-kit-animation-animated@3x.png */ = {isa = PBXFileReference; lastKnownFileType = image.png; path = "player-kit-animation-animated@3x.png"; sourceTree = "<group>"; };
		7CBE3E3D1D9E050B003D5C21 /* player-kit-animation-none@2x.png */ = {isa = PBXFileReference; lastKnownFileType = image.png; path = "player-kit-animation-none@2x.png"; sourceTree = "<group>"; };
		7CBE3E3E1D9E050B003D5C21 /* player-kit-animation-none@3x.png */ = {isa = PBXFileReference; lastKnownFileType = image.png; path = "player-kit-animation-none@3x.png"; sourceTree = "<group>"; };
		7CBE3E3F1D9E050B003D5C21 /* player-kit-backward.png */ = {isa = PBXFileReference; lastKnownFileType = image.png; path = "player-kit-backward.png"; sourceTree = "<group>"; };
		7CBE3E401D9E050B003D5C21 /* player-kit-backward@2x.png */ = {isa = PBXFileReference; lastKnownFileType = image.png; path = "player-kit-backward@2x.png"; sourceTree = "<group>"; };
		7CBE3E411D9E050B003D5C21 /* player-kit-close.png */ = {isa = PBXFileReference; lastKnownFileType = image.png; path = "player-kit-close.png"; sourceTree = "<group>"; };
		7CBE3E421D9E050B003D5C21 /* player-kit-close@2x.png */ = {isa = PBXFileReference; lastKnownFileType = image.png; path = "player-kit-close@2x.png"; sourceTree = "<group>"; };
		7CBE3E431D9E050B003D5C21 /* player-kit-forward.png */ = {isa = PBXFileReference; lastKnownFileType = image.png; path = "player-kit-forward.png"; sourceTree = "<group>"; };
		7CBE3E441D9E050B003D5C21 /* player-kit-forward@2x.png */ = {isa = PBXFileReference; lastKnownFileType = image.png; path = "player-kit-forward@2x.png"; sourceTree = "<group>"; };
		7CBE3E451D9E050B003D5C21 /* player-kit-pause.png */ = {isa = PBXFileReference; lastKnownFileType = image.png; path = "player-kit-pause.png"; sourceTree = "<group>"; };
		7CBE3E461D9E050B003D5C21 /* player-kit-pause@2x.png */ = {isa = PBXFileReference; lastKnownFileType = image.png; path = "player-kit-pause@2x.png"; sourceTree = "<group>"; };
		7CBE3E471D9E050B003D5C21 /* player-kit-play.png */ = {isa = PBXFileReference; lastKnownFileType = image.png; path = "player-kit-play.png"; sourceTree = "<group>"; };
		7CBE3E481D9E050B003D5C21 /* player-kit-play@2x.png */ = {isa = PBXFileReference; lastKnownFileType = image.png; path = "player-kit-play@2x.png"; sourceTree = "<group>"; };
		7CBE3E491D9E050B003D5C21 /* player-kit-slider_indicator@2x.png */ = {isa = PBXFileReference; lastKnownFileType = image.png; path = "player-kit-slider_indicator@2x.png"; sourceTree = "<group>"; };
		7CBE3E4A1D9E050B003D5C21 /* player-kit-slider_track_empty@2x.png */ = {isa = PBXFileReference; lastKnownFileType = image.png; path = "player-kit-slider_track_empty@2x.png"; sourceTree = "<group>"; };
		7CBE3E4B1D9E050B003D5C21 /* player-kit-slider_track_fill@2x.png */ = {isa = PBXFileReference; lastKnownFileType = image.png; path = "player-kit-slider_track_fill@2x.png"; sourceTree = "<group>"; };
		7CBE3E5D1D9E09E3003D5C21 /* PlayerKit.h */ = {isa = PBXFileReference; lastKnownFileType = sourcecode.c.h; path = PlayerKit.h; sourceTree = "<group>"; };
		7CBE3E621D9E0B33003D5C21 /* PlayerKitPlayerViewProtocol.h */ = {isa = PBXFileReference; fileEncoding = 4; lastKnownFileType = sourcecode.c.h; path = PlayerKitPlayerViewProtocol.h; sourceTree = "<group>"; };
		7CBE3E631D9E0BBC003D5C21 /* PlayerKitVideoLayerView.h */ = {isa = PBXFileReference; fileEncoding = 4; lastKnownFileType = sourcecode.c.h; path = PlayerKitVideoLayerView.h; sourceTree = "<group>"; };
		7CBE3E641D9E0BBC003D5C21 /* PlayerKitVideoLayerView.m */ = {isa = PBXFileReference; fileEncoding = 4; lastKnownFileType = sourcecode.c.objc; path = PlayerKitVideoLayerView.m; sourceTree = "<group>"; };
		7CBE3E661D9E4232003D5C21 /* PlayerKitContainer.h */ = {isa = PBXFileReference; fileEncoding = 4; lastKnownFileType = sourcecode.c.h; path = PlayerKitContainer.h; sourceTree = "<group>"; };
		7CBE3E671D9E4232003D5C21 /* PlayerKitContainer.m */ = {isa = PBXFileReference; fileEncoding = 4; lastKnownFileType = sourcecode.c.objc; path = PlayerKitContainer.m; sourceTree = "<group>"; };
		7CF3F19A1DACD7E400E2676C /* PlayerKitToolsTopView.h */ = {isa = PBXFileReference; fileEncoding = 4; lastKnownFileType = sourcecode.c.h; path = PlayerKitToolsTopView.h; sourceTree = "<group>"; };
		7CF3F19B1DACD7E400E2676C /* PlayerKitToolsTopView.m */ = {isa = PBXFileReference; fileEncoding = 4; lastKnownFileType = sourcecode.c.objc; path = PlayerKitToolsTopView.m; sourceTree = "<group>"; };
/* End PBXFileReference section */

/* Begin PBXFrameworksBuildPhase section */
		7CBE3DFD1D9E0269003D5C21 /* Frameworks */ = {
			isa = PBXFrameworksBuildPhase;
			buildActionMask = 2147483647;
			files = (
			);
			runOnlyForDeploymentPostprocessing = 0;
		};
		7CBE3E161D9E0269003D5C21 /* Frameworks */ = {
			isa = PBXFrameworksBuildPhase;
			buildActionMask = 2147483647;
			files = (
			);
			runOnlyForDeploymentPostprocessing = 0;
		};
		7CBE3E211D9E0269003D5C21 /* Frameworks */ = {
			isa = PBXFrameworksBuildPhase;
			buildActionMask = 2147483647;
			files = (
			);
			runOnlyForDeploymentPostprocessing = 0;
		};
/* End PBXFrameworksBuildPhase section */

/* Begin PBXGroup section */
		7CBE3DF71D9E0269003D5C21 = {
			isa = PBXGroup;
			children = (
				7CBE3E021D9E0269003D5C21 /* CustomPlayer */,
				7CBE3E1C1D9E0269003D5C21 /* CustomPlayerTests */,
				7CBE3E271D9E0269003D5C21 /* CustomPlayerUITests */,
				7CBE3E011D9E0269003D5C21 /* Products */,
			);
			sourceTree = "<group>";
		};
		7CBE3E011D9E0269003D5C21 /* Products */ = {
			isa = PBXGroup;
			children = (
				7CBE3E001D9E0269003D5C21 /* CustomPlayer.app */,
				7CBE3E191D9E0269003D5C21 /* CustomPlayerTests.xctest */,
				7CBE3E241D9E0269003D5C21 /* CustomPlayerUITests.xctest */,
			);
			name = Products;
			sourceTree = "<group>";
		};
		7CBE3E021D9E0269003D5C21 /* CustomPlayer */ = {
			isa = PBXGroup;
			children = (
				7CBE3E381D9E04CC003D5C21 /* PlayerKit */,
				7CBE3E361D9E02B6003D5C21 /* 1.MOV */,
				7CBE3E061D9E0269003D5C21 /* AppDelegate.h */,
				7CBE3E071D9E0269003D5C21 /* AppDelegate.m */,
				7CBE3E091D9E0269003D5C21 /* ViewController.h */,
				7CBE3E0A1D9E0269003D5C21 /* ViewController.m */,
				7CBE3E0C1D9E0269003D5C21 /* Main.storyboard */,
				7CBE3E0F1D9E0269003D5C21 /* Assets.xcassets */,
				7CBE3E111D9E0269003D5C21 /* LaunchScreen.storyboard */,
				7CBE3E141D9E0269003D5C21 /* Info.plist */,
				7CBE3E031D9E0269003D5C21 /* Supporting Files */,
			);
			path = CustomPlayer;
			sourceTree = "<group>";
		};
		7CBE3E031D9E0269003D5C21 /* Supporting Files */ = {
			isa = PBXGroup;
			children = (
				7CBE3E041D9E0269003D5C21 /* main.m */,
			);
			name = "Supporting Files";
			sourceTree = "<group>";
		};
		7CBE3E1C1D9E0269003D5C21 /* CustomPlayerTests */ = {
			isa = PBXGroup;
			children = (
				7CBE3E1D1D9E0269003D5C21 /* CustomPlayerTests.m */,
				7CBE3E1F1D9E0269003D5C21 /* Info.plist */,
			);
			path = CustomPlayerTests;
			sourceTree = "<group>";
		};
		7CBE3E271D9E0269003D5C21 /* CustomPlayerUITests */ = {
			isa = PBXGroup;
			children = (
				7CBE3E281D9E0269003D5C21 /* CustomPlayerUITests.m */,
				7CBE3E2A1D9E0269003D5C21 /* Info.plist */,
			);
			path = CustomPlayerUITests;
			sourceTree = "<group>";
		};
		7CBE3E381D9E04CC003D5C21 /* PlayerKit */ = {
			isa = PBXGroup;
			children = (
				7CBE3E391D9E04CC003D5C21 /* Classes */,
				7CBE3E3A1D9E04CC003D5C21 /* Resources */,
			);
			path = PlayerKit;
			sourceTree = "<group>";
		};
		7CBE3E391D9E04CC003D5C21 /* Classes */ = {
			isa = PBXGroup;
			children = (
				7CBE3E5D1D9E09E3003D5C21 /* PlayerKit.h */,
				7CBE3E5F1D9E0A7B003D5C21 /* Protocol */,
				7CBE3E601D9E0A7B003D5C21 /* Utility */,
				7CBE3E611D9E0A7B003D5C21 /* Views */,
			);
			path = Classes;
			sourceTree = "<group>";
		};
		7CBE3E3A1D9E04CC003D5C21 /* Resources */ = {
			isa = PBXGroup;
			children = (
				7CBE3E3B1D9E050B003D5C21 /* player-kit-animation-animated@2x.png */,
				7CBE3E3C1D9E050B003D5C21 /* player-kit-animation-animated@3x.png */,
				7CBE3E3D1D9E050B003D5C21 /* player-kit-animation-none@2x.png */,
				7CBE3E3E1D9E050B003D5C21 /* player-kit-animation-none@3x.png */,
				7CBE3E3F1D9E050B003D5C21 /* player-kit-backward.png */,
				7CBE3E401D9E050B003D5C21 /* player-kit-backward@2x.png */,
				7CBE3E411D9E050B003D5C21 /* player-kit-close.png */,
				7CBE3E421D9E050B003D5C21 /* player-kit-close@2x.png */,
				7CBE3E431D9E050B003D5C21 /* player-kit-forward.png */,
				7CBE3E441D9E050B003D5C21 /* player-kit-forward@2x.png */,
				7CBE3E451D9E050B003D5C21 /* player-kit-pause.png */,
				7CBE3E461D9E050B003D5C21 /* player-kit-pause@2x.png */,
				7CBE3E471D9E050B003D5C21 /* player-kit-play.png */,
				7CBE3E481D9E050B003D5C21 /* player-kit-play@2x.png */,
				7CBE3E491D9E050B003D5C21 /* player-kit-slider_indicator@2x.png */,
				7CBE3E4A1D9E050B003D5C21 /* player-kit-slider_track_empty@2x.png */,
				7CBE3E4B1D9E050B003D5C21 /* player-kit-slider_track_fill@2x.png */,
			);
			path = Resources;
			sourceTree = "<group>";
		};
		7CBE3E5F1D9E0A7B003D5C21 /* Protocol */ = {
			isa = PBXGroup;
			children = (
				7CBE3E621D9E0B33003D5C21 /* PlayerKitPlayerViewProtocol.h */,
			);
			path = Protocol;
			sourceTree = "<group>";
		};
		7CBE3E601D9E0A7B003D5C21 /* Utility */ = {
			isa = PBXGroup;
			children = (
				7C44B0F51DB74FB500BECC9B /* PlayerKitTimeTools.h */,
				7C44B0F61DB74FB500BECC9B /* PlayerKitTimeTools.m */,
			);
			path = Utility;
			sourceTree = "<group>";
		};
		7CBE3E611D9E0A7B003D5C21 /* Views */ = {
			isa = PBXGroup;
			children = (
				7CBE3E631D9E0BBC003D5C21 /* PlayerKitVideoLayerView.h */,
				7CBE3E641D9E0BBC003D5C21 /* PlayerKitVideoLayerView.m */,
				7CB7E5751DAB2FD100F0EF7C /* PlayerKitPlayerView.h */,
				7CB7E5761DAB2FD100F0EF7C /* PlayerKitPlayerView.m */,
				7CF3F19A1DACD7E400E2676C /* PlayerKitToolsTopView.h */,
				7CF3F19B1DACD7E400E2676C /* PlayerKitToolsTopView.m */,
				7C26ED491DAF6DAC002B6B1D /* PlayerKitProgressView.h */,
				7C26ED4A1DAF6DAC002B6B1D /* PlayerKitProgressView.m */,
				7C26ED461DAF31E5002B6B1D /* PlayerKitToolsBottomView.h */,
				7C26ED471DAF31E5002B6B1D /* PlayerKitToolsBottomView.m */,
				7C43FC1A1DB8966C0026D7C7 /* PlayerKitReloadTipsView.h */,
				7C43FC1B1DB8966C0026D7C7 /* PlayerKitReloadTipsView.m */,
				7C43FC1D1DB8AB300026D7C7 /* PlayerKitControlProgressTipsView.h */,
				7C43FC1E1DB8AB300026D7C7 /* PlayerKitControlProgressTipsView.m */,
				7CBE3E661D9E4232003D5C21 /* PlayerKitContainer.h */,
				7CBE3E671D9E4232003D5C21 /* PlayerKitContainer.m */,
			);
			path = Views;
			sourceTree = "<group>";
		};
/* End PBXGroup section */

/* Begin PBXNativeTarget section */
		7CBE3DFF1D9E0269003D5C21 /* CustomPlayer */ = {
			isa = PBXNativeTarget;
			buildConfigurationList = 7CBE3E2D1D9E0269003D5C21 /* Build configuration list for PBXNativeTarget "CustomPlayer" */;
			buildPhases = (
				7CBE3DFC1D9E0269003D5C21 /* Sources */,
				7CBE3DFD1D9E0269003D5C21 /* Frameworks */,
				7CBE3DFE1D9E0269003D5C21 /* Resources */,
			);
			buildRules = (
			);
			dependencies = (
			);
			name = CustomPlayer;
			productName = CustomPlayer;
			productReference = 7CBE3E001D9E0269003D5C21 /* CustomPlayer.app */;
			productType = "com.apple.product-type.application";
		};
		7CBE3E181D9E0269003D5C21 /* CustomPlayerTests */ = {
			isa = PBXNativeTarget;
			buildConfigurationList = 7CBE3E301D9E0269003D5C21 /* Build configuration list for PBXNativeTarget "CustomPlayerTests" */;
			buildPhases = (
				7CBE3E151D9E0269003D5C21 /* Sources */,
				7CBE3E161D9E0269003D5C21 /* Frameworks */,
				7CBE3E171D9E0269003D5C21 /* Resources */,
			);
			buildRules = (
			);
			dependencies = (
				7CBE3E1B1D9E0269003D5C21 /* PBXTargetDependency */,
			);
			name = CustomPlayerTests;
			productName = CustomPlayerTests;
			productReference = 7CBE3E191D9E0269003D5C21 /* CustomPlayerTests.xctest */;
			productType = "com.apple.product-type.bundle.unit-test";
		};
		7CBE3E231D9E0269003D5C21 /* CustomPlayerUITests */ = {
			isa = PBXNativeTarget;
			buildConfigurationList = 7CBE3E331D9E0269003D5C21 /* Build configuration list for PBXNativeTarget "CustomPlayerUITests" */;
			buildPhases = (
				7CBE3E201D9E0269003D5C21 /* Sources */,
				7CBE3E211D9E0269003D5C21 /* Frameworks */,
				7CBE3E221D9E0269003D5C21 /* Resources */,
			);
			buildRules = (
			);
			dependencies = (
				7CBE3E261D9E0269003D5C21 /* PBXTargetDependency */,
			);
			name = CustomPlayerUITests;
			productName = CustomPlayerUITests;
			productReference = 7CBE3E241D9E0269003D5C21 /* CustomPlayerUITests.xctest */;
			productType = "com.apple.product-type.bundle.ui-testing";
		};
/* End PBXNativeTarget section */

/* Begin PBXProject section */
		7CBE3DF81D9E0269003D5C21 /* Project object */ = {
			isa = PBXProject;
			attributes = {
				LastUpgradeCheck = 0800;
				ORGANIZATIONNAME = mini;
				TargetAttributes = {
					7CBE3DFF1D9E0269003D5C21 = {
						CreatedOnToolsVersion = 8.0;
						DevelopmentTeam = VZ4C3W749T;
						ProvisioningStyle = Automatic;
					};
					7CBE3E181D9E0269003D5C21 = {
						CreatedOnToolsVersion = 8.0;
						ProvisioningStyle = Automatic;
						TestTargetID = 7CBE3DFF1D9E0269003D5C21;
					};
					7CBE3E231D9E0269003D5C21 = {
						CreatedOnToolsVersion = 8.0;
						ProvisioningStyle = Automatic;
						TestTargetID = 7CBE3DFF1D9E0269003D5C21;
					};
				};
			};
			buildConfigurationList = 7CBE3DFB1D9E0269003D5C21 /* Build configuration list for PBXProject "CustomPlayer" */;
			compatibilityVersion = "Xcode 3.2";
			developmentRegion = English;
			hasScannedForEncodings = 0;
			knownRegions = (
				en,
				Base,
			);
			mainGroup = 7CBE3DF71D9E0269003D5C21;
			productRefGroup = 7CBE3E011D9E0269003D5C21 /* Products */;
			projectDirPath = "";
			projectRoot = "";
			targets = (
				7CBE3DFF1D9E0269003D5C21 /* CustomPlayer */,
				7CBE3E181D9E0269003D5C21 /* CustomPlayerTests */,
				7CBE3E231D9E0269003D5C21 /* CustomPlayerUITests */,
			);
		};
/* End PBXProject section */

/* Begin PBXResourcesBuildPhase section */
		7CBE3DFE1D9E0269003D5C21 /* Resources */ = {
			isa = PBXResourcesBuildPhase;
			buildActionMask = 2147483647;
			files = (
				7CBE3E131D9E0269003D5C21 /* LaunchScreen.storyboard in Resources */,
				7CBE3E571D9E050B003D5C21 /* player-kit-pause@2x.png in Resources */,
				7CBE3E4D1D9E050B003D5C21 /* player-kit-animation-animated@3x.png in Resources */,
				7CBE3E101D9E0269003D5C21 /* Assets.xcassets in Resources */,
				7CBE3E371D9E02B6003D5C21 /* 1.MOV in Resources */,
				7CBE3E5B1D9E050B003D5C21 /* player-kit-slider_track_empty@2x.png in Resources */,
				7CBE3E561D9E050B003D5C21 /* player-kit-pause.png in Resources */,
				7CBE3E5C1D9E050B003D5C21 /* player-kit-slider_track_fill@2x.png in Resources */,
				7CBE3E4F1D9E050B003D5C21 /* player-kit-animation-none@3x.png in Resources */,
				7CBE3E531D9E050B003D5C21 /* player-kit-close@2x.png in Resources */,
				7CBE3E511D9E050B003D5C21 /* player-kit-backward@2x.png in Resources */,
				7CBE3E5A1D9E050B003D5C21 /* player-kit-slider_indicator@2x.png in Resources */,
				7CBE3E4C1D9E050B003D5C21 /* player-kit-animation-animated@2x.png in Resources */,
				7CBE3E581D9E050B003D5C21 /* player-kit-play.png in Resources */,
				7CBE3E541D9E050B003D5C21 /* player-kit-forward.png in Resources */,
				7CBE3E591D9E050B003D5C21 /* player-kit-play@2x.png in Resources */,
				7CBE3E4E1D9E050B003D5C21 /* player-kit-animation-none@2x.png in Resources */,
				7CBE3E551D9E050B003D5C21 /* player-kit-forward@2x.png in Resources */,
				7CBE3E0E1D9E0269003D5C21 /* Main.storyboard in Resources */,
				7CBE3E521D9E050B003D5C21 /* player-kit-close.png in Resources */,
				7CBE3E501D9E050B003D5C21 /* player-kit-backward.png in Resources */,
			);
			runOnlyForDeploymentPostprocessing = 0;
		};
		7CBE3E171D9E0269003D5C21 /* Resources */ = {
			isa = PBXResourcesBuildPhase;
			buildActionMask = 2147483647;
			files = (
			);
			runOnlyForDeploymentPostprocessing = 0;
		};
		7CBE3E221D9E0269003D5C21 /* Resources */ = {
			isa = PBXResourcesBuildPhase;
			buildActionMask = 2147483647;
			files = (
			);
			runOnlyForDeploymentPostprocessing = 0;
		};
/* End PBXResourcesBuildPhase section */

/* Begin PBXSourcesBuildPhase section */
		7CBE3DFC1D9E0269003D5C21 /* Sources */ = {
			isa = PBXSourcesBuildPhase;
			buildActionMask = 2147483647;
			files = (
				7C44B0F71DB74FB500BECC9B /* PlayerKitTimeTools.m in Sources */,
				7CBE3E651D9E0BBC003D5C21 /* PlayerKitVideoLayerView.m in Sources */,
				7CBE3E681D9E4232003D5C21 /* PlayerKitContainer.m in Sources */,
				7CBE3E0B1D9E0269003D5C21 /* ViewController.m in Sources */,
				7C26ED481DAF31E5002B6B1D /* PlayerKitToolsBottomView.m in Sources */,
				7CB7E5771DAB2FD100F0EF7C /* PlayerKitPlayerView.m in Sources */,
				7C43FC1C1DB8966C0026D7C7 /* PlayerKitReloadTipsView.m in Sources */,
				7CBE3E081D9E0269003D5C21 /* AppDelegate.m in Sources */,
				7C26ED4B1DAF6DAC002B6B1D /* PlayerKitProgressView.m in Sources */,
				7CBE3E051D9E0269003D5C21 /* main.m in Sources */,
				7CF3F19C1DACD7E400E2676C /* PlayerKitToolsTopView.m in Sources */,
				7C43FC1F1DB8AB300026D7C7 /* PlayerKitControlProgressTipsView.m in Sources */,
			);
			runOnlyForDeploymentPostprocessing = 0;
		};
		7CBE3E151D9E0269003D5C21 /* Sources */ = {
			isa = PBXSourcesBuildPhase;
			buildActionMask = 2147483647;
			files = (
				7CBE3E1E1D9E0269003D5C21 /* CustomPlayerTests.m in Sources */,
			);
			runOnlyForDeploymentPostprocessing = 0;
		};
		7CBE3E201D9E0269003D5C21 /* Sources */ = {
			isa = PBXSourcesBuildPhase;
			buildActionMask = 2147483647;
			files = (
				7CBE3E291D9E0269003D5C21 /* CustomPlayerUITests.m in Sources */,
			);
			runOnlyForDeploymentPostprocessing = 0;
		};
/* End PBXSourcesBuildPhase section */

/* Begin PBXTargetDependency section */
		7CBE3E1B1D9E0269003D5C21 /* PBXTargetDependency */ = {
			isa = PBXTargetDependency;
			target = 7CBE3DFF1D9E0269003D5C21 /* CustomPlayer */;
			targetProxy = 7CBE3E1A1D9E0269003D5C21 /* PBXContainerItemProxy */;
		};
		7CBE3E261D9E0269003D5C21 /* PBXTargetDependency */ = {
			isa = PBXTargetDependency;
			target = 7CBE3DFF1D9E0269003D5C21 /* CustomPlayer */;
			targetProxy = 7CBE3E251D9E0269003D5C21 /* PBXContainerItemProxy */;
		};
/* End PBXTargetDependency section */

/* Begin PBXVariantGroup section */
		7CBE3E0C1D9E0269003D5C21 /* Main.storyboard */ = {
			isa = PBXVariantGroup;
			children = (
				7CBE3E0D1D9E0269003D5C21 /* Base */,
			);
			name = Main.storyboard;
			sourceTree = "<group>";
		};
		7CBE3E111D9E0269003D5C21 /* LaunchScreen.storyboard */ = {
			isa = PBXVariantGroup;
			children = (
				7CBE3E121D9E0269003D5C21 /* Base */,
			);
			name = LaunchScreen.storyboard;
			sourceTree = "<group>";
		};
/* End PBXVariantGroup section */

/* Begin XCBuildConfiguration section */
		7CBE3E2B1D9E0269003D5C21 /* Debug */ = {
			isa = XCBuildConfiguration;
			buildSettings = {
				ALWAYS_SEARCH_USER_PATHS = NO;
				CLANG_ANALYZER_NONNULL = YES;
				CLANG_CXX_LANGUAGE_STANDARD = "gnu++0x";
				CLANG_CXX_LIBRARY = "libc++";
				CLANG_ENABLE_MODULES = YES;
				CLANG_ENABLE_OBJC_ARC = YES;
				CLANG_WARN_BOOL_CONVERSION = YES;
				CLANG_WARN_CONSTANT_CONVERSION = YES;
				CLANG_WARN_DIRECT_OBJC_ISA_USAGE = YES_ERROR;
				CLANG_WARN_DOCUMENTATION_COMMENTS = YES;
				CLANG_WARN_EMPTY_BODY = YES;
				CLANG_WARN_ENUM_CONVERSION = YES;
				CLANG_WARN_INFINITE_RECURSION = YES;
				CLANG_WARN_INT_CONVERSION = YES;
				CLANG_WARN_OBJC_ROOT_CLASS = YES_ERROR;
				CLANG_WARN_SUSPICIOUS_MOVES = YES;
				CLANG_WARN_UNREACHABLE_CODE = YES;
				CLANG_WARN__DUPLICATE_METHOD_MATCH = YES;
				"CODE_SIGN_IDENTITY[sdk=iphoneos*]" = "iPhone Developer";
				COPY_PHASE_STRIP = NO;
				DEBUG_INFORMATION_FORMAT = dwarf;
				ENABLE_STRICT_OBJC_MSGSEND = YES;
				ENABLE_TESTABILITY = YES;
				GCC_C_LANGUAGE_STANDARD = gnu99;
				GCC_DYNAMIC_NO_PIC = NO;
				GCC_NO_COMMON_BLOCKS = YES;
				GCC_OPTIMIZATION_LEVEL = 0;
				GCC_PREPROCESSOR_DEFINITIONS = (
					"DEBUG=1",
					"$(inherited)",
				);
				GCC_WARN_64_TO_32_BIT_CONVERSION = YES;
				GCC_WARN_ABOUT_RETURN_TYPE = YES_ERROR;
				GCC_WARN_UNDECLARED_SELECTOR = YES;
				GCC_WARN_UNINITIALIZED_AUTOS = YES_AGGRESSIVE;
				GCC_WARN_UNUSED_FUNCTION = YES;
				GCC_WARN_UNUSED_VARIABLE = YES;
				IPHONEOS_DEPLOYMENT_TARGET = 10.0;
				MTL_ENABLE_DEBUG_INFO = YES;
				ONLY_ACTIVE_ARCH = YES;
				SDKROOT = iphoneos;
			};
			name = Debug;
		};
		7CBE3E2C1D9E0269003D5C21 /* Release */ = {
			isa = XCBuildConfiguration;
			buildSettings = {
				ALWAYS_SEARCH_USER_PATHS = NO;
				CLANG_ANALYZER_NONNULL = YES;
				CLANG_CXX_LANGUAGE_STANDARD = "gnu++0x";
				CLANG_CXX_LIBRARY = "libc++";
				CLANG_ENABLE_MODULES = YES;
				CLANG_ENABLE_OBJC_ARC = YES;
				CLANG_WARN_BOOL_CONVERSION = YES;
				CLANG_WARN_CONSTANT_CONVERSION = YES;
				CLANG_WARN_DIRECT_OBJC_ISA_USAGE = YES_ERROR;
				CLANG_WARN_DOCUMENTATION_COMMENTS = YES;
				CLANG_WARN_EMPTY_BODY = YES;
				CLANG_WARN_ENUM_CONVERSION = YES;
				CLANG_WARN_INFINITE_RECURSION = YES;
				CLANG_WARN_INT_CONVERSION = YES;
				CLANG_WARN_OBJC_ROOT_CLASS = YES_ERROR;
				CLANG_WARN_SUSPICIOUS_MOVES = YES;
				CLANG_WARN_UNREACHABLE_CODE = YES;
				CLANG_WARN__DUPLICATE_METHOD_MATCH = YES;
				"CODE_SIGN_IDENTITY[sdk=iphoneos*]" = "iPhone Developer";
				COPY_PHASE_STRIP = NO;
				DEBUG_INFORMATION_FORMAT = "dwarf-with-dsym";
				ENABLE_NS_ASSERTIONS = NO;
				ENABLE_STRICT_OBJC_MSGSEND = YES;
				GCC_C_LANGUAGE_STANDARD = gnu99;
				GCC_NO_COMMON_BLOCKS = YES;
				GCC_WARN_64_TO_32_BIT_CONVERSION = YES;
				GCC_WARN_ABOUT_RETURN_TYPE = YES_ERROR;
				GCC_WARN_UNDECLARED_SELECTOR = YES;
				GCC_WARN_UNINITIALIZED_AUTOS = YES_AGGRESSIVE;
				GCC_WARN_UNUSED_FUNCTION = YES;
				GCC_WARN_UNUSED_VARIABLE = YES;
				IPHONEOS_DEPLOYMENT_TARGET = 10.0;
				MTL_ENABLE_DEBUG_INFO = NO;
				SDKROOT = iphoneos;
				VALIDATE_PRODUCT = YES;
			};
			name = Release;
		};
		7CBE3E2E1D9E0269003D5C21 /* Debug */ = {
			isa = XCBuildConfiguration;
			buildSettings = {
				ASSETCATALOG_COMPILER_APPICON_NAME = AppIcon;
				DEVELOPMENT_TEAM = VZ4C3W749T;
				INFOPLIST_FILE = CustomPlayer/Info.plist;
				IPHONEOS_DEPLOYMENT_TARGET = 8.0;
				LD_RUNPATH_SEARCH_PATHS = "$(inherited) @executable_path/Frameworks";
				PRODUCT_BUNDLE_IDENTIFIER = com.soooner.CustomPlayer;
				PRODUCT_NAME = "$(TARGET_NAME)";
			};
			name = Debug;
		};
		7CBE3E2F1D9E0269003D5C21 /* Release */ = {
			isa = XCBuildConfiguration;
			buildSettings = {
				ASSETCATALOG_COMPILER_APPICON_NAME = AppIcon;
				DEVELOPMENT_TEAM = VZ4C3W749T;
				INFOPLIST_FILE = CustomPlayer/Info.plist;
				IPHONEOS_DEPLOYMENT_TARGET = 8.0;
				LD_RUNPATH_SEARCH_PATHS = "$(inherited) @executable_path/Frameworks";
				PRODUCT_BUNDLE_IDENTIFIER = com.soooner.CustomPlayer;
				PRODUCT_NAME = "$(TARGET_NAME)";
			};
			name = Release;
		};
		7CBE3E311D9E0269003D5C21 /* Debug */ = {
			isa = XCBuildConfiguration;
			buildSettings = {
				BUNDLE_LOADER = "$(TEST_HOST)";
				INFOPLIST_FILE = CustomPlayerTests/Info.plist;
				LD_RUNPATH_SEARCH_PATHS = "$(inherited) @executable_path/Frameworks @loader_path/Frameworks";
				PRODUCT_BUNDLE_IDENTIFIER = com.soooner.CustomPlayerTests;
				PRODUCT_NAME = "$(TARGET_NAME)";
				TEST_HOST = "$(BUILT_PRODUCTS_DIR)/CustomPlayer.app/CustomPlayer";
			};
			name = Debug;
		};
		7CBE3E321D9E0269003D5C21 /* Release */ = {
			isa = XCBuildConfiguration;
			buildSettings = {
				BUNDLE_LOADER = "$(TEST_HOST)";
				INFOPLIST_FILE = CustomPlayerTests/Info.plist;
				LD_RUNPATH_SEARCH_PATHS = "$(inherited) @executable_path/Frameworks @loader_path/Frameworks";
				PRODUCT_BUNDLE_IDENTIFIER = com.soooner.CustomPlayerTests;
				PRODUCT_NAME = "$(TARGET_NAME)";
				TEST_HOST = "$(BUILT_PRODUCTS_DIR)/CustomPlayer.app/CustomPlayer";
			};
			name = Release;
		};
		7CBE3E341D9E0269003D5C21 /* Debug */ = {
			isa = XCBuildConfiguration;
			buildSettings = {
				INFOPLIST_FILE = CustomPlayerUITests/Info.plist;
				LD_RUNPATH_SEARCH_PATHS = "$(inherited) @executable_path/Frameworks @loader_path/Frameworks";
				PRODUCT_BUNDLE_IDENTIFIER = com.soooner.CustomPlayerUITests;
				PRODUCT_NAME = "$(TARGET_NAME)";
				TEST_TARGET_NAME = CustomPlayer;
			};
			name = Debug;
		};
		7CBE3E351D9E0269003D5C21 /* Release */ = {
			isa = XCBuildConfiguration;
			buildSettings = {
				INFOPLIST_FILE = CustomPlayerUITests/Info.plist;
				LD_RUNPATH_SEARCH_PATHS = "$(inherited) @executable_path/Frameworks @loader_path/Frameworks";
				PRODUCT_BUNDLE_IDENTIFIER = com.soooner.CustomPlayerUITests;
				PRODUCT_NAME = "$(TARGET_NAME)";
				TEST_TARGET_NAME = CustomPlayer;
			};
			name = Release;
		};
/* End XCBuildConfiguration section */

/* Begin XCConfigurationList section */
		7CBE3DFB1D9E0269003D5C21 /* Build configuration list for PBXProject "CustomPlayer" */ = {
			isa = XCConfigurationList;
			buildConfigurations = (
				7CBE3E2B1D9E0269003D5C21 /* Debug */,
				7CBE3E2C1D9E0269003D5C21 /* Release */,
			);
			defaultConfigurationIsVisible = 0;
			defaultConfigurationName = Release;
		};
		7CBE3E2D1D9E0269003D5C21 /* Build configuration list for PBXNativeTarget "CustomPlayer" */ = {
			isa = XCConfigurationList;
			buildConfigurations = (
				7CBE3E2E1D9E0269003D5C21 /* Debug */,
				7CBE3E2F1D9E0269003D5C21 /* Release */,
			);
			defaultConfigurationIsVisible = 0;
			defaultConfigurationName = Release;
		};
		7CBE3E301D9E0269003D5C21 /* Build configuration list for PBXNativeTarget "CustomPlayerTests" */ = {
			isa = XCConfigurationList;
			buildConfigurations = (
				7CBE3E311D9E0269003D5C21 /* Debug */,
				7CBE3E321D9E0269003D5C21 /* Release */,
			);
			defaultConfigurationIsVisible = 0;
			defaultConfigurationName = Release;
		};
		7CBE3E331D9E0269003D5C21 /* Build configuration list for PBXNativeTarget "CustomPlayerUITests" */ = {
			isa = XCConfigurationList;
			buildConfigurations = (
				7CBE3E341D9E0269003D5C21 /* Debug */,
				7CBE3E351D9E0269003D5C21 /* Release */,
			);
			defaultConfigurationIsVisible = 0;
			defaultConfigurationName = Release;
		};
/* End XCConfigurationList section */
	};
	rootObject = 7CBE3DF81D9E0269003D5C21 /* Project object */;
}
